
Microsoft Visual Studio Solution File, Format Version 12.00
# Visual Studio Version 16
VisualStudioVersion = 16.0.30523.141
MinimumVisualStudioVersion = 10.0.40219.1
Project("{9A19103F-16F7-4668-BE54-9A1E7A4F7556}") = "Uno.ColorPicker", "Uno.ColorPicker.csproj", "{1D5784F0-B9B7-49DF-94C4-422A65324C53}"
EndProject
Project("{D954291E-2A0B-460D-934E-DC6B0785DB48}") = "Uno.ColorPicker.Demo.Shared", "..\Uno.ColorPicker.Demo\Uno.ColorPicker.Demo.Shared\Uno.ColorPicker.Demo.Shared.shproj", "{6279C845-92F8-4333-AB99-3D213163593C}"
EndProject
Project("{FAE04EC0-301F-11D3-BF4B-00C04F79EFBC}") = "Uno.ColorPicker.Demo.Droid", "..\Uno.ColorPicker.Demo\Uno.ColorPicker.Demo.Droid\Uno.ColorPicker.Demo.Droid.csproj", "{5F19DC88-0DC5-457D-845D-2A5DB8635B90}"
EndProject
Project("{FAE04EC0-301F-11D3-BF4B-00C04F79EFBC}") = "Uno.ColorPicker.Demo.iOS", "..\Uno.ColorPicker.Demo\Uno.ColorPicker.Demo.iOS\Uno.ColorPicker.Demo.iOS.csproj", "{71E206FF-1042-47A3-926D-5494AC502E73}"
EndProject
Project("{FAE04EC0-301F-11D3-BF4B-00C04F79EFBC}") = "Uno.ColorPicker.Demo.UWP", "..\Uno.ColorPicker.Demo\Uno.ColorPicker.Demo.UWP\Uno.ColorPicker.Demo.UWP.csproj", "{1C11DA3F-BE9B-4592-8409-D011F39BAC70}"
EndProject
Project("{9A19103F-16F7-4668-BE54-9A1E7A4F7556}") = "Uno.ColorPicker.Demo.Wasm", "..\Uno.ColorPicker.Demo\Uno.ColorPicker.Demo.Wasm\Uno.ColorPicker.Demo.Wasm.csproj", "{9289E7B3-D01C-46CF-B716-B0138021B897}"
EndProject
Project("{FAE04EC0-301F-11D3-BF4B-00C04F79EFBC}") = "Uno.ColorPicker.Demo.macOS", "..\Uno.ColorPicker.Demo\Uno.ColorPicker.Demo.macOS\Uno.ColorPicker.Demo.macOS.csproj", "{BB91879C-38F5-45ED-B817-C392492552C5}"
EndProject
Global
	GlobalSection(SharedMSBuildProjectFiles) = preSolution
		..\Uno.ColorPicker.Demo\Uno.ColorPicker.Demo.Shared\Uno.ColorPicker.Demo.Shared.projitems*{1c11da3f-be9b-4592-8409-d011f39bac70}*SharedItemsImports = 4
		..\Uno.ColorPicker.Demo\Uno.ColorPicker.Demo.Shared\Uno.ColorPicker.Demo.Shared.projitems*{5f19dc88-0dc5-457d-845d-2a5db8635b90}*SharedItemsImports = 4
		..\Uno.ColorPicker.Demo\Uno.ColorPicker.Demo.Shared\Uno.ColorPicker.Demo.Shared.projitems*{6279c845-92f8-4333-ab99-3d213163593c}*SharedItemsImports = 13
		..\Uno.ColorPicker.Demo\Uno.ColorPicker.Demo.Shared\Uno.ColorPicker.Demo.Shared.projitems*{9289e7b3-d01c-46cf-b716-b0138021b897}*SharedItemsImports = 5
	EndGlobalSection
	GlobalSection(SolutionConfigurationPlatforms) = preSolution
		Ad-Hoc|Any CPU = Ad-Hoc|Any CPU
		Ad-Hoc|ARM = Ad-Hoc|ARM
		Ad-Hoc|ARM64 = Ad-Hoc|ARM64
		Ad-Hoc|iPhone = Ad-Hoc|iPhone
		Ad-Hoc|iPhoneSimulator = Ad-Hoc|iPhoneSimulator
		Ad-Hoc|x64 = Ad-Hoc|x64
		Ad-Hoc|x86 = Ad-Hoc|x86
		AppStore|Any CPU = AppStore|Any CPU
		AppStore|ARM = AppStore|ARM
		AppStore|ARM64 = AppStore|ARM64
		AppStore|iPhone = AppStore|iPhone
		AppStore|iPhoneSimulator = AppStore|iPhoneSimulator
		AppStore|x64 = AppStore|x64
		AppStore|x86 = AppStore|x86
		Debug|Any CPU = Debug|Any CPU
		Debug|ARM = Debug|ARM
		Debug|ARM64 = Debug|ARM64
		Debug|iPhone = Debug|iPhone
		Debug|iPhoneSimulator = Debug|iPhoneSimulator
		Debug|x64 = Debug|x64
		Debug|x86 = Debug|x86
		Release|Any CPU = Release|Any CPU
		Release|ARM = Release|ARM
		Release|ARM64 = Release|ARM64
		Release|iPhone = Release|iPhone
		Release|iPhoneSimulator = Release|iPhoneSimulator
		Release|x64 = Release|x64
		Release|x86 = Release|x86
	EndGlobalSection
	GlobalSection(ProjectConfigurationPlatforms) = postSolution
		{1D5784F0-B9B7-49DF-94C4-422A65324C53}.Ad-Hoc|Any CPU.ActiveCfg = Release|Any CPU
		{1D5784F0-B9B7-49DF-94C4-422A65324C53}.Ad-Hoc|Any CPU.Build.0 = Release|Any CPU
		{1D5784F0-B9B7-49DF-94C4-422A65324C53}.Ad-Hoc|ARM.ActiveCfg = Release|Any CPU
		{1D5784F0-B9B7-49DF-94C4-422A65324C53}.Ad-Hoc|ARM.Build.0 = Release|Any CPU
		{1D5784F0-B9B7-49DF-94C4-422A65324C53}.Ad-Hoc|ARM64.ActiveCfg = Release|Any CPU
		{1D5784F0-B9B7-49DF-94C4-422A65324C53}.Ad-Hoc|ARM64.Build.0 = Release|Any CPU
		{1D5784F0-B9B7-49DF-94C4-422A65324C53}.Ad-Hoc|iPhone.ActiveCfg = Release|Any CPU
		{1D5784F0-B9B7-49DF-94C4-422A65324C53}.Ad-Hoc|iPhone.Build.0 = Release|Any CPU
		{1D5784F0-B9B7-49DF-94C4-422A65324C53}.Ad-Hoc|iPhoneSimulator.ActiveCfg = Release|Any CPU
		{1D5784F0-B9B7-49DF-94C4-422A65324C53}.Ad-Hoc|iPhoneSimulator.Build.0 = Release|Any CPU
		{1D5784F0-B9B7-49DF-94C4-422A65324C53}.Ad-Hoc|x64.ActiveCfg = Release|Any CPU
		{1D5784F0-B9B7-49DF-94C4-422A65324C53}.Ad-Hoc|x64.Build.0 = Release|Any CPU
		{1D5784F0-B9B7-49DF-94C4-422A65324C53}.Ad-Hoc|x86.ActiveCfg = Release|Any CPU
		{1D5784F0-B9B7-49DF-94C4-422A65324C53}.Ad-Hoc|x86.Build.0 = Release|Any CPU
		{1D5784F0-B9B7-49DF-94C4-422A65324C53}.AppStore|Any CPU.ActiveCfg = Release|Any CPU
		{1D5784F0-B9B7-49DF-94C4-422A65324C53}.AppStore|Any CPU.Build.0 = Release|Any CPU
		{1D5784F0-B9B7-49DF-94C4-422A65324C53}.AppStore|ARM.ActiveCfg = Release|Any CPU
		{1D5784F0-B9B7-49DF-94C4-422A65324C53}.AppStore|ARM.Build.0 = Release|Any CPU
		{1D5784F0-B9B7-49DF-94C4-422A65324C53}.AppStore|ARM64.ActiveCfg = Release|Any CPU
		{1D5784F0-B9B7-49DF-94C4-422A65324C53}.AppStore|ARM64.Build.0 = Release|Any CPU
		{1D5784F0-B9B7-49DF-94C4-422A65324C53}.AppStore|iPhone.ActiveCfg = Release|Any CPU
		{1D5784F0-B9B7-49DF-94C4-422A65324C53}.AppStore|iPhone.Build.0 = Release|Any CPU
		{1D5784F0-B9B7-49DF-94C4-422A65324C53}.AppStore|iPhoneSimulator.ActiveCfg = Release|Any CPU
		{1D5784F0-B9B7-49DF-94C4-422A65324C53}.AppStore|iPhoneSimulator.Build.0 = Release|Any CPU
		{1D5784F0-B9B7-49DF-94C4-422A65324C53}.AppStore|x64.ActiveCfg = Release|Any CPU
		{1D5784F0-B9B7-49DF-94C4-422A65324C53}.AppStore|x64.Build.0 = Release|Any CPU
		{1D5784F0-B9B7-49DF-94C4-422A65324C53}.AppStore|x86.ActiveCfg = Release|Any CPU
		{1D5784F0-B9B7-49DF-94C4-422A65324C53}.AppStore|x86.Build.0 = Release|Any CPU
		{1D5784F0-B9B7-49DF-94C4-422A65324C53}.Debug|Any CPU.ActiveCfg = Debug|Any CPU
		{1D5784F0-B9B7-49DF-94C4-422A65324C53}.Debug|Any CPU.Build.0 = Debug|Any CPU
		{1D5784F0-B9B7-49DF-94C4-422A65324C53}.Debug|ARM.ActiveCfg = Debug|Any CPU
		{1D5784F0-B9B7-49DF-94C4-422A65324C53}.Debug|ARM.Build.0 = Debug|Any CPU
		{1D5784F0-B9B7-49DF-94C4-422A65324C53}.Debug|ARM64.ActiveCfg = Debug|Any CPU
		{1D5784F0-B9B7-49DF-94C4-422A65324C53}.Debug|ARM64.Build.0 = Debug|Any CPU
		{1D5784F0-B9B7-49DF-94C4-422A65324C53}.Debug|iPhone.ActiveCfg = Debug|Any CPU
		{1D5784F0-B9B7-49DF-94C4-422A65324C53}.Debug|iPhone.Build.0 = Debug|Any CPU
		{1D5784F0-B9B7-49DF-94C4-422A65324C53}.Debug|iPhoneSimulator.ActiveCfg = Debug|Any CPU
		{1D5784F0-B9B7-49DF-94C4-422A65324C53}.Debug|iPhoneSimulator.Build.0 = Debug|Any CPU
		{1D5784F0-B9B7-49DF-94C4-422A65324C53}.Debug|x64.ActiveCfg = Debug|Any CPU
		{1D5784F0-B9B7-49DF-94C4-422A65324C53}.Debug|x64.Build.0 = Debug|Any CPU
		{1D5784F0-B9B7-49DF-94C4-422A65324C53}.Debug|x86.ActiveCfg = Debug|Any CPU
		{1D5784F0-B9B7-49DF-94C4-422A65324C53}.Debug|x86.Build.0 = Debug|Any CPU
		{1D5784F0-B9B7-49DF-94C4-422A65324C53}.Release|Any CPU.ActiveCfg = Release|Any CPU
		{1D5784F0-B9B7-49DF-94C4-422A65324C53}.Release|Any CPU.Build.0 = Release|Any CPU
		{1D5784F0-B9B7-49DF-94C4-422A65324C53}.Release|ARM.ActiveCfg = Release|Any CPU
		{1D5784F0-B9B7-49DF-94C4-422A65324C53}.Release|ARM.Build.0 = Release|Any CPU
		{1D5784F0-B9B7-49DF-94C4-422A65324C53}.Release|ARM64.ActiveCfg = Release|Any CPU
		{1D5784F0-B9B7-49DF-94C4-422A65324C53}.Release|ARM64.Build.0 = Release|Any CPU
		{1D5784F0-B9B7-49DF-94C4-422A65324C53}.Release|iPhone.ActiveCfg = Release|Any CPU
		{1D5784F0-B9B7-49DF-94C4-422A65324C53}.Release|iPhone.Build.0 = Release|Any CPU
		{1D5784F0-B9B7-49DF-94C4-422A65324C53}.Release|iPhoneSimulator.ActiveCfg = Release|Any CPU
		{1D5784F0-B9B7-49DF-94C4-422A65324C53}.Release|iPhoneSimulator.Build.0 = Release|Any CPU
		{1D5784F0-B9B7-49DF-94C4-422A65324C53}.Release|x64.ActiveCfg = Release|Any CPU
		{1D5784F0-B9B7-49DF-94C4-422A65324C53}.Release|x64.Build.0 = Release|Any CPU
		{1D5784F0-B9B7-49DF-94C4-422A65324C53}.Release|x86.ActiveCfg = Release|Any CPU
		{1D5784F0-B9B7-49DF-94C4-422A65324C53}.Release|x86.Build.0 = Release|Any CPU
		{5F19DC88-0DC5-457D-845D-2A5DB8635B90}.Ad-Hoc|Any CPU.ActiveCfg = Debug|Any CPU
		{5F19DC88-0DC5-457D-845D-2A5DB8635B90}.Ad-Hoc|Any CPU.Build.0 = Debug|Any CPU
		{5F19DC88-0DC5-457D-845D-2A5DB8635B90}.Ad-Hoc|Any CPU.Deploy.0 = Debug|Any CPU
		{5F19DC88-0DC5-457D-845D-2A5DB8635B90}.Ad-Hoc|ARM.ActiveCfg = Debug|Any CPU
		{5F19DC88-0DC5-457D-845D-2A5DB8635B90}.Ad-Hoc|ARM.Build.0 = Debug|Any CPU
		{5F19DC88-0DC5-457D-845D-2A5DB8635B90}.Ad-Hoc|ARM.Deploy.0 = Debug|Any CPU
		{5F19DC88-0DC5-457D-845D-2A5DB8635B90}.Ad-Hoc|ARM64.ActiveCfg = Debug|Any CPU
		{5F19DC88-0DC5-457D-845D-2A5DB8635B90}.Ad-Hoc|ARM64.Build.0 = Debug|Any CPU
		{5F19DC88-0DC5-457D-845D-2A5DB8635B90}.Ad-Hoc|ARM64.Deploy.0 = Debug|Any CPU
		{5F19DC88-0DC5-457D-845D-2A5DB8635B90}.Ad-Hoc|iPhone.ActiveCfg = Debug|Any CPU
		{5F19DC88-0DC5-457D-845D-2A5DB8635B90}.Ad-Hoc|iPhone.Build.0 = Debug|Any CPU
		{5F19DC88-0DC5-457D-845D-2A5DB8635B90}.Ad-Hoc|iPhone.Deploy.0 = Debug|Any CPU
		{5F19DC88-0DC5-457D-845D-2A5DB8635B90}.Ad-Hoc|iPhoneSimulator.ActiveCfg = Debug|Any CPU
		{5F19DC88-0DC5-457D-845D-2A5DB8635B90}.Ad-Hoc|iPhoneSimulator.Build.0 = Debug|Any CPU
		{5F19DC88-0DC5-457D-845D-2A5DB8635B90}.Ad-Hoc|iPhoneSimulator.Deploy.0 = Debug|Any CPU
		{5F19DC88-0DC5-457D-845D-2A5DB8635B90}.Ad-Hoc|x64.ActiveCfg = Debug|Any CPU
		{5F19DC88-0DC5-457D-845D-2A5DB8635B90}.Ad-Hoc|x64.Build.0 = Debug|Any CPU
		{5F19DC88-0DC5-457D-845D-2A5DB8635B90}.Ad-Hoc|x64.Deploy.0 = Debug|Any CPU
		{5F19DC88-0DC5-457D-845D-2A5DB8635B90}.Ad-Hoc|x86.ActiveCfg = Debug|Any CPU
		{5F19DC88-0DC5-457D-845D-2A5DB8635B90}.Ad-Hoc|x86.Build.0 = Debug|Any CPU
		{5F19DC88-0DC5-457D-845D-2A5DB8635B90}.Ad-Hoc|x86.Deploy.0 = Debug|Any CPU
		{5F19DC88-0DC5-457D-845D-2A5DB8635B90}.AppStore|Any CPU.ActiveCfg = Debug|Any CPU
		{5F19DC88-0DC5-457D-845D-2A5DB8635B90}.AppStore|Any CPU.Build.0 = Debug|Any CPU
		{5F19DC88-0DC5-457D-845D-2A5DB8635B90}.AppStore|Any CPU.Deploy.0 = Debug|Any CPU
		{5F19DC88-0DC5-457D-845D-2A5DB8635B90}.AppStore|ARM.ActiveCfg = Debug|Any CPU
		{5F19DC88-0DC5-457D-845D-2A5DB8635B90}.AppStore|ARM.Build.0 = Debug|Any CPU
		{5F19DC88-0DC5-457D-845D-2A5DB8635B90}.AppStore|ARM.Deploy.0 = Debug|Any CPU
		{5F19DC88-0DC5-457D-845D-2A5DB8635B90}.AppStore|ARM64.ActiveCfg = Debug|Any CPU
		{5F19DC88-0DC5-457D-845D-2A5DB8635B90}.AppStore|ARM64.Build.0 = Debug|Any CPU
		{5F19DC88-0DC5-457D-845D-2A5DB8635B90}.AppStore|ARM64.Deploy.0 = Debug|Any CPU
		{5F19DC88-0DC5-457D-845D-2A5DB8635B90}.AppStore|iPhone.ActiveCfg = Debug|Any CPU
		{5F19DC88-0DC5-457D-845D-2A5DB8635B90}.AppStore|iPhone.Build.0 = Debug|Any CPU
		{5F19DC88-0DC5-457D-845D-2A5DB8635B90}.AppStore|iPhone.Deploy.0 = Debug|Any CPU
		{5F19DC88-0DC5-457D-845D-2A5DB8635B90}.AppStore|iPhoneSimulator.ActiveCfg = Debug|Any CPU
		{5F19DC88-0DC5-457D-845D-2A5DB8635B90}.AppStore|iPhoneSimulator.Build.0 = Debug|Any CPU
		{5F19DC88-0DC5-457D-845D-2A5DB8635B90}.AppStore|iPhoneSimulator.Deploy.0 = Debug|Any CPU
		{5F19DC88-0DC5-457D-845D-2A5DB8635B90}.AppStore|x64.ActiveCfg = Debug|Any CPU
		{5F19DC88-0DC5-457D-845D-2A5DB8635B90}.AppStore|x64.Build.0 = Debug|Any CPU
		{5F19DC88-0DC5-457D-845D-2A5DB8635B90}.AppStore|x64.Deploy.0 = Debug|Any CPU
		{5F19DC88-0DC5-457D-845D-2A5DB8635B90}.AppStore|x86.ActiveCfg = Debug|Any CPU
		{5F19DC88-0DC5-457D-845D-2A5DB8635B90}.AppStore|x86.Build.0 = Debug|Any CPU
		{5F19DC88-0DC5-457D-845D-2A5DB8635B90}.AppStore|x86.Deploy.0 = Debug|Any CPU
		{5F19DC88-0DC5-457D-845D-2A5DB8635B90}.Debug|Any CPU.ActiveCfg = Debug|Any CPU
		{5F19DC88-0DC5-457D-845D-2A5DB8635B90}.Debug|Any CPU.Build.0 = Debug|Any CPU
		{5F19DC88-0DC5-457D-845D-2A5DB8635B90}.Debug|Any CPU.Deploy.0 = Debug|Any CPU
		{5F19DC88-0DC5-457D-845D-2A5DB8635B90}.Debug|ARM.ActiveCfg = Debug|Any CPU
		{5F19DC88-0DC5-457D-845D-2A5DB8635B90}.Debug|ARM.Build.0 = Debug|Any CPU
		{5F19DC88-0DC5-457D-845D-2A5DB8635B90}.Debug|ARM.Deploy.0 = Debug|Any CPU
		{5F19DC88-0DC5-457D-845D-2A5DB8635B90}.Debug|ARM64.ActiveCfg = Debug|Any CPU
		{5F19DC88-0DC5-457D-845D-2A5DB8635B90}.Debug|ARM64.Build.0 = Debug|Any CPU
		{5F19DC88-0DC5-457D-845D-2A5DB8635B90}.Debug|ARM64.Deploy.0 = Debug|Any CPU
		{5F19DC88-0DC5-457D-845D-2A5DB8635B90}.Debug|iPhone.ActiveCfg = Debug|Any CPU
		{5F19DC88-0DC5-457D-845D-2A5DB8635B90}.Debug|iPhone.Build.0 = Debug|Any CPU
		{5F19DC88-0DC5-457D-845D-2A5DB8635B90}.Debug|iPhone.Deploy.0 = Debug|Any CPU
		{5F19DC88-0DC5-457D-845D-2A5DB8635B90}.Debug|iPhoneSimulator.ActiveCfg = Debug|Any CPU
		{5F19DC88-0DC5-457D-845D-2A5DB8635B90}.Debug|iPhoneSimulator.Build.0 = Debug|Any CPU
		{5F19DC88-0DC5-457D-845D-2A5DB8635B90}.Debug|iPhoneSimulator.Deploy.0 = Debug|Any CPU
		{5F19DC88-0DC5-457D-845D-2A5DB8635B90}.Debug|x64.ActiveCfg = Debug|Any CPU
		{5F19DC88-0DC5-457D-845D-2A5DB8635B90}.Debug|x64.Build.0 = Debug|Any CPU
		{5F19DC88-0DC5-457D-845D-2A5DB8635B90}.Debug|x64.Deploy.0 = Debug|Any CPU
		{5F19DC88-0DC5-457D-845D-2A5DB8635B90}.Debug|x86.ActiveCfg = Debug|Any CPU
		{5F19DC88-0DC5-457D-845D-2A5DB8635B90}.Debug|x86.Build.0 = Debug|Any CPU
		{5F19DC88-0DC5-457D-845D-2A5DB8635B90}.Debug|x86.Deploy.0 = Debug|Any CPU
		{5F19DC88-0DC5-457D-845D-2A5DB8635B90}.Release|Any CPU.ActiveCfg = Release|Any CPU
		{5F19DC88-0DC5-457D-845D-2A5DB8635B90}.Release|Any CPU.Build.0 = Release|Any CPU
		{5F19DC88-0DC5-457D-845D-2A5DB8635B90}.Release|Any CPU.Deploy.0 = Release|Any CPU
		{5F19DC88-0DC5-457D-845D-2A5DB8635B90}.Release|ARM.ActiveCfg = Release|Any CPU
		{5F19DC88-0DC5-457D-845D-2A5DB8635B90}.Release|ARM.Build.0 = Release|Any CPU
		{5F19DC88-0DC5-457D-845D-2A5DB8635B90}.Release|ARM.Deploy.0 = Release|Any CPU
		{5F19DC88-0DC5-457D-845D-2A5DB8635B90}.Release|ARM64.ActiveCfg = Release|Any CPU
		{5F19DC88-0DC5-457D-845D-2A5DB8635B90}.Release|ARM64.Build.0 = Release|Any CPU
		{5F19DC88-0DC5-457D-845D-2A5DB8635B90}.Release|ARM64.Deploy.0 = Release|Any CPU
		{5F19DC88-0DC5-457D-845D-2A5DB8635B90}.Release|iPhone.ActiveCfg = Release|Any CPU
		{5F19DC88-0DC5-457D-845D-2A5DB8635B90}.Release|iPhone.Build.0 = Release|Any CPU
		{5F19DC88-0DC5-457D-845D-2A5DB8635B90}.Release|iPhone.Deploy.0 = Release|Any CPU
		{5F19DC88-0DC5-457D-845D-2A5DB8635B90}.Release|iPhoneSimulator.ActiveCfg = Release|Any CPU
		{5F19DC88-0DC5-457D-845D-2A5DB8635B90}.Release|iPhoneSimulator.Build.0 = Release|Any CPU
		{5F19DC88-0DC5-457D-845D-2A5DB8635B90}.Release|iPhoneSimulator.Deploy.0 = Release|Any CPU
		{5F19DC88-0DC5-457D-845D-2A5DB8635B90}.Release|x64.ActiveCfg = Release|Any CPU
		{5F19DC88-0DC5-457D-845D-2A5DB8635B90}.Release|x64.Build.0 = Release|Any CPU
		{5F19DC88-0DC5-457D-845D-2A5DB8635B90}.Release|x64.Deploy.0 = Release|Any CPU
		{5F19DC88-0DC5-457D-845D-2A5DB8635B90}.Release|x86.ActiveCfg = Release|Any CPU
		{5F19DC88-0DC5-457D-845D-2A5DB8635B90}.Release|x86.Build.0 = Release|Any CPU
		{5F19DC88-0DC5-457D-845D-2A5DB8635B90}.Release|x86.Deploy.0 = Release|Any CPU
		{71E206FF-1042-47A3-926D-5494AC502E73}.Ad-Hoc|Any CPU.ActiveCfg = Ad-Hoc|iPhoneSimulator
		{71E206FF-1042-47A3-926D-5494AC502E73}.Ad-Hoc|ARM.ActiveCfg = Ad-Hoc|iPhoneSimulator
		{71E206FF-1042-47A3-926D-5494AC502E73}.Ad-Hoc|ARM64.ActiveCfg = Ad-Hoc|iPhoneSimulator
		{71E206FF-1042-47A3-926D-5494AC502E73}.Ad-Hoc|iPhone.ActiveCfg = Ad-Hoc|iPhone
		{71E206FF-1042-47A3-926D-5494AC502E73}.Ad-Hoc|iPhone.Build.0 = Ad-Hoc|iPhone
		{71E206FF-1042-47A3-926D-5494AC502E73}.Ad-Hoc|iPhoneSimulator.ActiveCfg = Ad-Hoc|iPhoneSimulator
		{71E206FF-1042-47A3-926D-5494AC502E73}.Ad-Hoc|iPhoneSimulator.Build.0 = Ad-Hoc|iPhoneSimulator
		{71E206FF-1042-47A3-926D-5494AC502E73}.Ad-Hoc|x64.ActiveCfg = Ad-Hoc|iPhoneSimulator
		{71E206FF-1042-47A3-926D-5494AC502E73}.Ad-Hoc|x86.ActiveCfg = Ad-Hoc|iPhoneSimulator
		{71E206FF-1042-47A3-926D-5494AC502E73}.AppStore|Any CPU.ActiveCfg = AppStore|iPhoneSimulator
		{71E206FF-1042-47A3-926D-5494AC502E73}.AppStore|ARM.ActiveCfg = AppStore|iPhoneSimulator
		{71E206FF-1042-47A3-926D-5494AC502E73}.AppStore|ARM64.ActiveCfg = AppStore|iPhoneSimulator
		{71E206FF-1042-47A3-926D-5494AC502E73}.AppStore|iPhone.ActiveCfg = AppStore|iPhone
		{71E206FF-1042-47A3-926D-5494AC502E73}.AppStore|iPhone.Build.0 = AppStore|iPhone
		{71E206FF-1042-47A3-926D-5494AC502E73}.AppStore|iPhoneSimulator.ActiveCfg = AppStore|iPhoneSimulator
		{71E206FF-1042-47A3-926D-5494AC502E73}.AppStore|iPhoneSimulator.Build.0 = AppStore|iPhoneSimulator
		{71E206FF-1042-47A3-926D-5494AC502E73}.AppStore|x64.ActiveCfg = AppStore|iPhoneSimulator
		{71E206FF-1042-47A3-926D-5494AC502E73}.AppStore|x86.ActiveCfg = AppStore|iPhoneSimulator
		{71E206FF-1042-47A3-926D-5494AC502E73}.Debug|Any CPU.ActiveCfg = Debug|iPhoneSimulator
		{71E206FF-1042-47A3-926D-5494AC502E73}.Debug|ARM.ActiveCfg = Debug|iPhoneSimulator
		{71E206FF-1042-47A3-926D-5494AC502E73}.Debug|ARM64.ActiveCfg = Debug|iPhoneSimulator
		{71E206FF-1042-47A3-926D-5494AC502E73}.Debug|iPhone.ActiveCfg = Debug|iPhone
		{71E206FF-1042-47A3-926D-5494AC502E73}.Debug|iPhone.Build.0 = Debug|iPhone
		{71E206FF-1042-47A3-926D-5494AC502E73}.Debug|iPhoneSimulator.ActiveCfg = Debug|iPhoneSimulator
		{71E206FF-1042-47A3-926D-5494AC502E73}.Debug|iPhoneSimulator.Build.0 = Debug|iPhoneSimulator
		{71E206FF-1042-47A3-926D-5494AC502E73}.Debug|x64.ActiveCfg = Debug|iPhoneSimulator
		{71E206FF-1042-47A3-926D-5494AC502E73}.Debug|x86.ActiveCfg = Debug|iPhoneSimulator
		{71E206FF-1042-47A3-926D-5494AC502E73}.Release|Any CPU.ActiveCfg = Release|iPhoneSimulator
		{71E206FF-1042-47A3-926D-5494AC502E73}.Release|ARM.ActiveCfg = Release|iPhoneSimulator
		{71E206FF-1042-47A3-926D-5494AC502E73}.Release|ARM64.ActiveCfg = Release|iPhoneSimulator
		{71E206FF-1042-47A3-926D-5494AC502E73}.Release|iPhone.ActiveCfg = Release|iPhone
		{71E206FF-1042-47A3-926D-5494AC502E73}.Release|iPhone.Build.0 = Release|iPhone
		{71E206FF-1042-47A3-926D-5494AC502E73}.Release|iPhoneSimulator.ActiveCfg = Release|iPhoneSimulator
		{71E206FF-1042-47A3-926D-5494AC502E73}.Release|iPhoneSimulator.Build.0 = Release|iPhoneSimulator
		{71E206FF-1042-47A3-926D-5494AC502E73}.Release|x64.ActiveCfg = Release|iPhoneSimulator
		{71E206FF-1042-47A3-926D-5494AC502E73}.Release|x86.ActiveCfg = Release|iPhoneSimulator
		{1C11DA3F-BE9B-4592-8409-D011F39BAC70}.Ad-Hoc|Any CPU.ActiveCfg = Debug|x86
		{1C11DA3F-BE9B-4592-8409-D011F39BAC70}.Ad-Hoc|Any CPU.Build.0 = Debug|x86
		{1C11DA3F-BE9B-4592-8409-D011F39BAC70}.Ad-Hoc|Any CPU.Deploy.0 = Debug|x86
		{1C11DA3F-BE9B-4592-8409-D011F39BAC70}.Ad-Hoc|ARM.ActiveCfg = Debug|ARM
		{1C11DA3F-BE9B-4592-8409-D011F39BAC70}.Ad-Hoc|ARM.Build.0 = Debug|ARM
		{1C11DA3F-BE9B-4592-8409-D011F39BAC70}.Ad-Hoc|ARM.Deploy.0 = Debug|ARM
		{1C11DA3F-BE9B-4592-8409-D011F39BAC70}.Ad-Hoc|ARM64.ActiveCfg = Debug|ARM64
		{1C11DA3F-BE9B-4592-8409-D011F39BAC70}.Ad-Hoc|ARM64.Build.0 = Debug|ARM64
		{1C11DA3F-BE9B-4592-8409-D011F39BAC70}.Ad-Hoc|ARM64.Deploy.0 = Debug|ARM64
		{1C11DA3F-BE9B-4592-8409-D011F39BAC70}.Ad-Hoc|iPhone.ActiveCfg = Debug|x86
		{1C11DA3F-BE9B-4592-8409-D011F39BAC70}.Ad-Hoc|iPhone.Build.0 = Debug|x86
		{1C11DA3F-BE9B-4592-8409-D011F39BAC70}.Ad-Hoc|iPhone.Deploy.0 = Debug|x86
		{1C11DA3F-BE9B-4592-8409-D011F39BAC70}.Ad-Hoc|iPhoneSimulator.ActiveCfg = Debug|x86
		{1C11DA3F-BE9B-4592-8409-D011F39BAC70}.Ad-Hoc|iPhoneSimulator.Build.0 = Debug|x86
		{1C11DA3F-BE9B-4592-8409-D011F39BAC70}.Ad-Hoc|iPhoneSimulator.Deploy.0 = Debug|x86
		{1C11DA3F-BE9B-4592-8409-D011F39BAC70}.Ad-Hoc|x64.ActiveCfg = Debug|x64
		{1C11DA3F-BE9B-4592-8409-D011F39BAC70}.Ad-Hoc|x64.Build.0 = Debug|x64
		{1C11DA3F-BE9B-4592-8409-D011F39BAC70}.Ad-Hoc|x64.Deploy.0 = Debug|x64
		{1C11DA3F-BE9B-4592-8409-D011F39BAC70}.Ad-Hoc|x86.ActiveCfg = Debug|x86
		{1C11DA3F-BE9B-4592-8409-D011F39BAC70}.Ad-Hoc|x86.Build.0 = Debug|x86
		{1C11DA3F-BE9B-4592-8409-D011F39BAC70}.Ad-Hoc|x86.Deploy.0 = Debug|x86
		{1C11DA3F-BE9B-4592-8409-D011F39BAC70}.AppStore|Any CPU.ActiveCfg = Debug|x86
		{1C11DA3F-BE9B-4592-8409-D011F39BAC70}.AppStore|Any CPU.Build.0 = Debug|x86
		{1C11DA3F-BE9B-4592-8409-D011F39BAC70}.AppStore|Any CPU.Deploy.0 = Debug|x86
		{1C11DA3F-BE9B-4592-8409-D011F39BAC70}.AppStore|ARM.ActiveCfg = Debug|ARM
		{1C11DA3F-BE9B-4592-8409-D011F39BAC70}.AppStore|ARM.Build.0 = Debug|ARM
		{1C11DA3F-BE9B-4592-8409-D011F39BAC70}.AppStore|ARM.Deploy.0 = Debug|ARM
		{1C11DA3F-BE9B-4592-8409-D011F39BAC70}.AppStore|ARM64.ActiveCfg = Debug|ARM64
		{1C11DA3F-BE9B-4592-8409-D011F39BAC70}.AppStore|ARM64.Build.0 = Debug|ARM64
		{1C11DA3F-BE9B-4592-8409-D011F39BAC70}.AppStore|ARM64.Deploy.0 = Debug|ARM64
		{1C11DA3F-BE9B-4592-8409-D011F39BAC70}.AppStore|iPhone.ActiveCfg = Debug|x86
		{1C11DA3F-BE9B-4592-8409-D011F39BAC70}.AppStore|iPhone.Build.0 = Debug|x86
		{1C11DA3F-BE9B-4592-8409-D011F39BAC70}.AppStore|iPhone.Deploy.0 = Debug|x86
		{1C11DA3F-BE9B-4592-8409-D011F39BAC70}.AppStore|iPhoneSimulator.ActiveCfg = Debug|x86
		{1C11DA3F-BE9B-4592-8409-D011F39BAC70}.AppStore|iPhoneSimulator.Build.0 = Debug|x86
		{1C11DA3F-BE9B-4592-8409-D011F39BAC70}.AppStore|iPhoneSimulator.Deploy.0 = Debug|x86
		{1C11DA3F-BE9B-4592-8409-D011F39BAC70}.AppStore|x64.ActiveCfg = Debug|x64
		{1C11DA3F-BE9B-4592-8409-D011F39BAC70}.AppStore|x64.Build.0 = Debug|x64
		{1C11DA3F-BE9B-4592-8409-D011F39BAC70}.AppStore|x64.Deploy.0 = Debug|x64
		{1C11DA3F-BE9B-4592-8409-D011F39BAC70}.AppStore|x86.ActiveCfg = Debug|x86
		{1C11DA3F-BE9B-4592-8409-D011F39BAC70}.AppStore|x86.Build.0 = Debug|x86
		{1C11DA3F-BE9B-4592-8409-D011F39BAC70}.AppStore|x86.Deploy.0 = Debug|x86
		{1C11DA3F-BE9B-4592-8409-D011F39BAC70}.Debug|Any CPU.ActiveCfg = Debug|x86
		{1C11DA3F-BE9B-4592-8409-D011F39BAC70}.Debug|ARM.ActiveCfg = Debug|ARM
		{1C11DA3F-BE9B-4592-8409-D011F39BAC70}.Debug|ARM.Build.0 = Debug|ARM
		{1C11DA3F-BE9B-4592-8409-D011F39BAC70}.Debug|ARM.Deploy.0 = Debug|ARM
		{1C11DA3F-BE9B-4592-8409-D011F39BAC70}.Debug|ARM64.ActiveCfg = Debug|ARM64
		{1C11DA3F-BE9B-4592-8409-D011F39BAC70}.Debug|ARM64.Build.0 = Debug|ARM64
		{1C11DA3F-BE9B-4592-8409-D011F39BAC70}.Debug|ARM64.Deploy.0 = Debug|ARM64
		{1C11DA3F-BE9B-4592-8409-D011F39BAC70}.Debug|iPhone.ActiveCfg = Debug|x86
		{1C11DA3F-BE9B-4592-8409-D011F39BAC70}.Debug|iPhoneSimulator.ActiveCfg = Debug|x86
		{1C11DA3F-BE9B-4592-8409-D011F39BAC70}.Debug|x64.ActiveCfg = Debug|x64
		{1C11DA3F-BE9B-4592-8409-D011F39BAC70}.Debug|x64.Build.0 = Debug|x64
		{1C11DA3F-BE9B-4592-8409-D011F39BAC70}.Debug|x64.Deploy.0 = Debug|x64
		{1C11DA3F-BE9B-4592-8409-D011F39BAC70}.Debug|x86.ActiveCfg = Debug|x86
		{1C11DA3F-BE9B-4592-8409-D011F39BAC70}.Debug|x86.Build.0 = Debug|x86
		{1C11DA3F-BE9B-4592-8409-D011F39BAC70}.Debug|x86.Deploy.0 = Debug|x86
		{1C11DA3F-BE9B-4592-8409-D011F39BAC70}.Release|Any CPU.ActiveCfg = Release|x86
		{1C11DA3F-BE9B-4592-8409-D011F39BAC70}.Release|ARM.ActiveCfg = Release|ARM
		{1C11DA3F-BE9B-4592-8409-D011F39BAC70}.Release|ARM.Build.0 = Release|ARM
		{1C11DA3F-BE9B-4592-8409-D011F39BAC70}.Release|ARM.Deploy.0 = Release|ARM
		{1C11DA3F-BE9B-4592-8409-D011F39BAC70}.Release|ARM64.ActiveCfg = Release|ARM64
		{1C11DA3F-BE9B-4592-8409-D011F39BAC70}.Release|ARM64.Build.0 = Release|ARM64
		{1C11DA3F-BE9B-4592-8409-D011F39BAC70}.Release|ARM64.Deploy.0 = Release|ARM64
		{1C11DA3F-BE9B-4592-8409-D011F39BAC70}.Release|iPhone.ActiveCfg = Release|x86
		{1C11DA3F-BE9B-4592-8409-D011F39BAC70}.Release|iPhoneSimulator.ActiveCfg = Release|x86
		{1C11DA3F-BE9B-4592-8409-D011F39BAC70}.Release|x64.ActiveCfg = Release|x64
		{1C11DA3F-BE9B-4592-8409-D011F39BAC70}.Release|x64.Build.0 = Release|x64
		{1C11DA3F-BE9B-4592-8409-D011F39BAC70}.Release|x64.Deploy.0 = Release|x64
		{1C11DA3F-BE9B-4592-8409-D011F39BAC70}.Release|x86.ActiveCfg = Release|x86
		{1C11DA3F-BE9B-4592-8409-D011F39BAC70}.Release|x86.Build.0 = Release|x86
		{1C11DA3F-BE9B-4592-8409-D011F39BAC70}.Release|x86.Deploy.0 = Release|x86
		{9289E7B3-D01C-46CF-B716-B0138021B897}.Ad-Hoc|Any CPU.ActiveCfg = Release|Any CPU
		{9289E7B3-D01C-46CF-B716-B0138021B897}.Ad-Hoc|Any CPU.Build.0 = Release|Any CPU
		{9289E7B3-D01C-46CF-B716-B0138021B897}.Ad-Hoc|ARM.ActiveCfg = Release|Any CPU
		{9289E7B3-D01C-46CF-B716-B0138021B897}.Ad-Hoc|ARM.Build.0 = Release|Any CPU
		{9289E7B3-D01C-46CF-B716-B0138021B897}.Ad-Hoc|ARM64.ActiveCfg = Release|Any CPU
		{9289E7B3-D01C-46CF-B716-B0138021B897}.Ad-Hoc|ARM64.Build.0 = Release|Any CPU
		{9289E7B3-D01C-46CF-B716-B0138021B897}.Ad-Hoc|iPhone.ActiveCfg = Release|Any CPU
		{9289E7B3-D01C-46CF-B716-B0138021B897}.Ad-Hoc|iPhone.Build.0 = Release|Any CPU
		{9289E7B3-D01C-46CF-B716-B0138021B897}.Ad-Hoc|iPhoneSimulator.ActiveCfg = Release|Any CPU
		{9289E7B3-D01C-46CF-B716-B0138021B897}.Ad-Hoc|iPhoneSimulator.Build.0 = Release|Any CPU
		{9289E7B3-D01C-46CF-B716-B0138021B897}.Ad-Hoc|x64.ActiveCfg = Release|Any CPU
		{9289E7B3-D01C-46CF-B716-B0138021B897}.Ad-Hoc|x64.Build.0 = Release|Any CPU
		{9289E7B3-D01C-46CF-B716-B0138021B897}.Ad-Hoc|x86.ActiveCfg = Release|Any CPU
		{9289E7B3-D01C-46CF-B716-B0138021B897}.Ad-Hoc|x86.Build.0 = Release|Any CPU
		{9289E7B3-D01C-46CF-B716-B0138021B897}.AppStore|Any CPU.ActiveCfg = Release|Any CPU
		{9289E7B3-D01C-46CF-B716-B0138021B897}.AppStore|Any CPU.Build.0 = Release|Any CPU
		{9289E7B3-D01C-46CF-B716-B0138021B897}.AppStore|ARM.ActiveCfg = Release|Any CPU
		{9289E7B3-D01C-46CF-B716-B0138021B897}.AppStore|ARM.Build.0 = Release|Any CPU
		{9289E7B3-D01C-46CF-B716-B0138021B897}.AppStore|ARM64.ActiveCfg = Release|Any CPU
		{9289E7B3-D01C-46CF-B716-B0138021B897}.AppStore|ARM64.Build.0 = Release|Any CPU
		{9289E7B3-D01C-46CF-B716-B0138021B897}.AppStore|iPhone.ActiveCfg = Release|Any CPU
		{9289E7B3-D01C-46CF-B716-B0138021B897}.AppStore|iPhone.Build.0 = Release|Any CPU
		{9289E7B3-D01C-46CF-B716-B0138021B897}.AppStore|iPhoneSimulator.ActiveCfg = Release|Any CPU
		{9289E7B3-D01C-46CF-B716-B0138021B897}.AppStore|iPhoneSimulator.Build.0 = Release|Any CPU
		{9289E7B3-D01C-46CF-B716-B0138021B897}.AppStore|x64.ActiveCfg = Release|Any CPU
		{9289E7B3-D01C-46CF-B716-B0138021B897}.AppStore|x64.Build.0 = Release|Any CPU
		{9289E7B3-D01C-46CF-B716-B0138021B897}.AppStore|x86.ActiveCfg = Release|Any CPU
		{9289E7B3-D01C-46CF-B716-B0138021B897}.AppStore|x86.Build.0 = Release|Any CPU
		{9289E7B3-D01C-46CF-B716-B0138021B897}.Debug|Any CPU.ActiveCfg = Debug|Any CPU
		{9289E7B3-D01C-46CF-B716-B0138021B897}.Debug|Any CPU.Build.0 = Debug|Any CPU
		{9289E7B3-D01C-46CF-B716-B0138021B897}.Debug|ARM.ActiveCfg = Debug|Any CPU
		{9289E7B3-D01C-46CF-B716-B0138021B897}.Debug|ARM.Build.0 = Debug|Any CPU
		{9289E7B3-D01C-46CF-B716-B0138021B897}.Debug|ARM64.ActiveCfg = Debug|Any CPU
		{9289E7B3-D01C-46CF-B716-B0138021B897}.Debug|ARM64.Build.0 = Debug|Any CPU
		{9289E7B3-D01C-46CF-B716-B0138021B897}.Debug|iPhone.ActiveCfg = Debug|Any CPU
		{9289E7B3-D01C-46CF-B716-B0138021B897}.Debug|iPhone.Build.0 = Debug|Any CPU
		{9289E7B3-D01C-46CF-B716-B0138021B897}.Debug|iPhoneSimulator.ActiveCfg = Debug|Any CPU
		{9289E7B3-D01C-46CF-B716-B0138021B897}.Debug|iPhoneSimulator.Build.0 = Debug|Any CPU
		{9289E7B3-D01C-46CF-B716-B0138021B897}.Debug|x64.ActiveCfg = Debug|Any CPU
		{9289E7B3-D01C-46CF-B716-B0138021B897}.Debug|x64.Build.0 = Debug|Any CPU
		{9289E7B3-D01C-46CF-B716-B0138021B897}.Debug|x86.ActiveCfg = Debug|Any CPU
		{9289E7B3-D01C-46CF-B716-B0138021B897}.Debug|x86.Build.0 = Debug|Any CPU
		{9289E7B3-D01C-46CF-B716-B0138021B897}.Release|Any CPU.ActiveCfg = Release|Any CPU
		{9289E7B3-D01C-46CF-B716-B0138021B897}.Release|Any CPU.Build.0 = Release|Any CPU
		{9289E7B3-D01C-46CF-B716-B0138021B897}.Release|ARM.ActiveCfg = Release|Any CPU
		{9289E7B3-D01C-46CF-B716-B0138021B897}.Release|ARM.Build.0 = Release|Any CPU
		{9289E7B3-D01C-46CF-B716-B0138021B897}.Release|ARM64.ActiveCfg = Release|Any CPU
		{9289E7B3-D01C-46CF-B716-B0138021B897}.Release|ARM64.Build.0 = Release|Any CPU
		{9289E7B3-D01C-46CF-B716-B0138021B897}.Release|iPhone.ActiveCfg = Release|Any CPU
		{9289E7B3-D01C-46CF-B716-B0138021B897}.Release|iPhone.Build.0 = Release|Any CPU
		{9289E7B3-D01C-46CF-B716-B0138021B897}.Release|iPhoneSimulator.ActiveCfg = Release|Any CPU
		{9289E7B3-D01C-46CF-B716-B0138021B897}.Release|iPhoneSimulator.Build.0 = Release|Any CPU
		{9289E7B3-D01C-46CF-B716-B0138021B897}.Release|x64.ActiveCfg = Release|Any CPU
		{9289E7B3-D01C-46CF-B716-B0138021B897}.Release|x64.Build.0 = Release|Any CPU
		{9289E7B3-D01C-46CF-B716-B0138021B897}.Release|x86.ActiveCfg = Release|Any CPU
		{9289E7B3-D01C-46CF-B716-B0138021B897}.Release|x86.Build.0 = Release|Any CPU
		{BB91879C-38F5-45ED-B817-C392492552C5}.Ad-Hoc|Any CPU.ActiveCfg = Debug|iPhoneSimulator
		{BB91879C-38F5-45ED-B817-C392492552C5}.Ad-Hoc|Any CPU.Build.0 = Debug|iPhoneSimulator
		{BB91879C-38F5-45ED-B817-C392492552C5}.Ad-Hoc|ARM.ActiveCfg = Debug|iPhoneSimulator
		{BB91879C-38F5-45ED-B817-C392492552C5}.Ad-Hoc|ARM.Build.0 = Debug|iPhoneSimulator
		{BB91879C-38F5-45ED-B817-C392492552C5}.Ad-Hoc|ARM64.ActiveCfg = Debug|iPhoneSimulator
		{BB91879C-38F5-45ED-B817-C392492552C5}.Ad-Hoc|ARM64.Build.0 = Debug|iPhoneSimulator
		{BB91879C-38F5-45ED-B817-C392492552C5}.Ad-Hoc|iPhone.ActiveCfg = Debug|iPhoneSimulator
		{BB91879C-38F5-45ED-B817-C392492552C5}.Ad-Hoc|iPhone.Build.0 = Debug|iPhoneSimulator
		{BB91879C-38F5-45ED-B817-C392492552C5}.Ad-Hoc|iPhoneSimulator.ActiveCfg = Debug|iPhoneSimulator
		{BB91879C-38F5-45ED-B817-C392492552C5}.Ad-Hoc|iPhoneSimulator.Build.0 = Debug|iPhoneSimulator
		{BB91879C-38F5-45ED-B817-C392492552C5}.Ad-Hoc|x64.ActiveCfg = Debug|iPhoneSimulator
		{BB91879C-38F5-45ED-B817-C392492552C5}.Ad-Hoc|x64.Build.0 = Debug|iPhoneSimulator
		{BB91879C-38F5-45ED-B817-C392492552C5}.Ad-Hoc|x86.ActiveCfg = Debug|iPhoneSimulator
		{BB91879C-38F5-45ED-B817-C392492552C5}.Ad-Hoc|x86.Build.0 = Debug|iPhoneSimulator
		{BB91879C-38F5-45ED-B817-C392492552C5}.AppStore|Any CPU.ActiveCfg = Debug|iPhoneSimulator
		{BB91879C-38F5-45ED-B817-C392492552C5}.AppStore|Any CPU.Build.0 = Debug|iPhoneSimulator
		{BB91879C-38F5-45ED-B817-C392492552C5}.AppStore|ARM.ActiveCfg = Debug|iPhoneSimulator
		{BB91879C-38F5-45ED-B817-C392492552C5}.AppStore|ARM.Build.0 = Debug|iPhoneSimulator
		{BB91879C-38F5-45ED-B817-C392492552C5}.AppStore|ARM64.ActiveCfg = Debug|iPhoneSimulator
		{BB91879C-38F5-45ED-B817-C392492552C5}.AppStore|ARM64.Build.0 = Debug|iPhoneSimulator
		{BB91879C-38F5-45ED-B817-C392492552C5}.AppStore|iPhone.ActiveCfg = Debug|iPhoneSimulator
		{BB91879C-38F5-45ED-B817-C392492552C5}.AppStore|iPhone.Build.0 = Debug|iPhoneSimulator
		{BB91879C-38F5-45ED-B817-C392492552C5}.AppStore|iPhoneSimulator.ActiveCfg = Debug|iPhoneSimulator
		{BB91879C-38F5-45ED-B817-C392492552C5}.AppStore|iPhoneSimulator.Build.0 = Debug|iPhoneSimulator
		{BB91879C-38F5-45ED-B817-C392492552C5}.AppStore|x64.ActiveCfg = Debug|iPhoneSimulator
		{BB91879C-38F5-45ED-B817-C392492552C5}.AppStore|x64.Build.0 = Debug|iPhoneSimulator
		{BB91879C-38F5-45ED-B817-C392492552C5}.AppStore|x86.ActiveCfg = Debug|iPhoneSimulator
		{BB91879C-38F5-45ED-B817-C392492552C5}.AppStore|x86.Build.0 = Debug|iPhoneSimulator
		{BB91879C-38F5-45ED-B817-C392492552C5}.Debug|Any CPU.ActiveCfg = Debug|iPhoneSimulator
		{BB91879C-38F5-45ED-B817-C392492552C5}.Debug|ARM.ActiveCfg = Debug|iPhoneSimulator
		{BB91879C-38F5-45ED-B817-C392492552C5}.Debug|ARM64.ActiveCfg = Debug|iPhoneSimulator
		{BB91879C-38F5-45ED-B817-C392492552C5}.Debug|iPhone.ActiveCfg = Debug|iPhoneSimulator
		{BB91879C-38F5-45ED-B817-C392492552C5}.Debug|iPhoneSimulator.ActiveCfg = Debug|iPhoneSimulator
		{BB91879C-38F5-45ED-B817-C392492552C5}.Debug|iPhoneSimulator.Build.0 = Debug|iPhoneSimulator
		{BB91879C-38F5-45ED-B817-C392492552C5}.Debug|x64.ActiveCfg = Debug|iPhoneSimulator
		{BB91879C-38F5-45ED-B817-C392492552C5}.Debug|x86.ActiveCfg = Debug|iPhoneSimulator
		{BB91879C-38F5-45ED-B817-C392492552C5}.Release|Any CPU.ActiveCfg = Release|iPhoneSimulator
		{BB91879C-38F5-45ED-B817-C392492552C5}.Release|ARM.ActiveCfg = Release|iPhoneSimulator
		{BB91879C-38F5-45ED-B817-C392492552C5}.Release|ARM64.ActiveCfg = Release|iPhoneSimulator
		{BB91879C-38F5-45ED-B817-C392492552C5}.Release|iPhone.ActiveCfg = Release|iPhoneSimulator
		{BB91879C-38F5-45ED-B817-C392492552C5}.Release|iPhoneSimulator.ActiveCfg = Release|iPhoneSimulator
		{BB91879C-38F5-45ED-B817-C392492552C5}.Release|iPhoneSimulator.Build.0 = Release|iPhoneSimulator
		{BB91879C-38F5-45ED-B817-C392492552C5}.Release|x64.ActiveCfg = Release|iPhoneSimulator
		{BB91879C-38F5-45ED-B817-C392492552C5}.Release|x86.ActiveCfg = Release|iPhoneSimulator
	EndGlobalSection
	GlobalSection(SolutionProperties) = preSolution
		HideSolutionNode = FALSE
	EndGlobalSection
	GlobalSection(ExtensibilityGlobals) = postSolution
		SolutionGuid = {3B3D868D-584C-4D72-A490-0CC319D90F47}
	EndGlobalSection
EndGlobal
